
Microsoft Visual Studio Solution File, Format Version 12.00
# Visual Studio Version 16
VisualStudioVersion = 16.0.29001.49
MinimumVisualStudioVersion = 10.0.40219.1
Project("{FAE04EC0-301F-11D3-BF4B-00C04F79EFBC}") = "DelegatesAndEvents", "DelegatesAndEvents\DelegatesAndEvents.csproj", "{CC218B0C-C603-4455-909C-E34C1AA6D0D1}"
EndProject
Global
	GlobalSection(SolutionConfigurationPlatforms) = preSolution
		Debug|Any CPU = Debug|Any CPU
		Release|Any CPU = Release|Any CPU
	EndGlobalSection
	GlobalSection(ProjectConfigurationPlatforms) = postSolution
		{CC218B0C-C603-4455-909C-E34C1AA6D0D1}.Debug|Any CPU.ActiveCfg = Debug|Any CPU
		{CC218B0C-C603-4455-909C-E34C1AA6D0D1}.Debug|Any CPU.Build.0 = Debug|Any CPU
		{CC218B0C-C603-4455-909C-E34C1AA6D0D1}.Release|Any CPU.ActiveCfg = Release|Any CPU
		{CC218B0C-C603-4455-909C-E34C1AA6D0D1}.Release|Any CPU.Build.0 = Release|Any CPU
	EndGlobalSection
	GlobalSection(SolutionProperties) = preSolution
		HideSolutionNode = FALSE
	EndGlobalSection
	GlobalSection(ExtensibilityGlobals) = postSolution
		SolutionGuid = {434C0732-6699-4AC4-A6EC-2EB33E2F358D}
	EndGlobalSection
EndGlobal
